{
  "pins" : [
    {
      "identity" : "openssl-apple",
      "kind" : "remoteSourceControl",
      "location" : "https://github.com/Lucky-ai-b/openssl-apple",
      "state" : {
        "revision" : "685680e3adbfccdeef84d37fc5732b0031f188c7"
      }
    },
    {
      "identity" : "swiftybeaver",
      "kind" : "remoteSourceControl",
      "location" : "https://github.com/Lucky-ai-b/SwiftyBeaver",
      "state" : {
        "revision" : "0b2a00871a15a80407273412fd39967713ead7d3"
      }
    },
    {
      "identity" : "wg-go-apple",
      "kind" : "remoteSourceControl",
      "location" : "https://github.com/Lucky-ai-b/wg-go-apple",
      "state" : {
        "revision" : "dfd5cc1f8840686297a4c3ec3e88b6a1adf87331"
      }
    }
  ],
  "version" : 2
}
